
Microsoft Visual Studio Solution File, Format Version 12.00
# Visual Studio 15
VisualStudioVersion = 15.0.27428.1
MinimumVisualStudioVersion = 10.0.40219.1
Project("{FAE04EC0-301F-11D3-BF4B-00C04F79EFBC}") = "ProjectMaster", "ProjectMaster\ProjectMaster.csproj", "{95AA4928-BCAF-4D6C-AD51-B1295EF1CE46}"
EndProject
Global
	GlobalSection(SolutionConfigurationPlatforms) = preSolution
		Debug|Any CPU = Debug|Any CPU
		Release|Any CPU = Release|Any CPU
	EndGlobalSection
	GlobalSection(ProjectConfigurationPlatforms) = postSolution
		{95AA4928-BCAF-4D6C-AD51-B1295EF1CE46}.Debug|Any CPU.ActiveCfg = Debug|Any CPU
		{95AA4928-BCAF-4D6C-AD51-B1295EF1CE46}.Debug|Any CPU.Build.0 = Debug|Any CPU
		{95AA4928-BCAF-4D6C-AD51-B1295EF1CE46}.Release|Any CPU.ActiveCfg = Release|Any CPU
		{95AA4928-BCAF-4D6C-AD51-B1295EF1CE46}.Release|Any CPU.Build.0 = Release|Any CPU
	EndGlobalSection
	GlobalSection(SolutionProperties) = preSolution
		HideSolutionNode = FALSE
	EndGlobalSection
	GlobalSection(ExtensibilityGlobals) = postSolution
		SolutionGuid = {EB02B2DE-1C12-4F8B-AA1E-11862507F433}
	EndGlobalSection
EndGlobal
